// !$*UTF8*$!
{
	archiveVersion = 1;
	classes = {
	};
	objectVersion = 46;
	objects = {

/* Begin PBXBuildFile section */
		308E9BD054B1A12A0A6638E7 /* libPods-GPUImage.a in Frameworks */ = {isa = PBXBuildFile; fileRef = 4636A5ED81A37877969E10D0 /* libPods-GPUImage.a */; };
		358197E51DBF44D100A83A17 /* main.m in Sources */ = {isa = PBXBuildFile; fileRef = 358197E41DBF44D100A83A17 /* main.m */; };
		358197E81DBF44D100A83A17 /* AppDelegate.m in Sources */ = {isa = PBXBuildFile; fileRef = 358197E71DBF44D100A83A17 /* AppDelegate.m */; };
		358197EB1DBF44D100A83A17 /* ViewController.m in Sources */ = {isa = PBXBuildFile; fileRef = 358197EA1DBF44D100A83A17 /* ViewController.m */; };
		358197EE1DBF44D100A83A17 /* Main.storyboard in Resources */ = {isa = PBXBuildFile; fileRef = 358197EC1DBF44D100A83A17 /* Main.storyboard */; };
		358197F01DBF44D100A83A17 /* Assets.xcassets in Resources */ = {isa = PBXBuildFile; fileRef = 358197EF1DBF44D100A83A17 /* Assets.xcassets */; };
		358197F31DBF44D100A83A17 /* LaunchScreen.storyboard in Resources */ = {isa = PBXBuildFile; fileRef = 358197F11DBF44D100A83A17 /* LaunchScreen.storyboard */; };
		358197FC1DBF45BC00A83A17 /* AVFoundation.framework in Frameworks */ = {isa = PBXBuildFile; fileRef = 358197FB1DBF45BC00A83A17 /* AVFoundation.framework */; };
		358197FE1DBF45C700A83A17 /* CoreMedia.framework in Frameworks */ = {isa = PBXBuildFile; fileRef = 358197FD1DBF45C700A83A17 /* CoreMedia.framework */; };
		358198001DBF45D100A83A17 /* OpenGLES.framework in Frameworks */ = {isa = PBXBuildFile; fileRef = 358197FF1DBF45D100A83A17 /* OpenGLES.framework */; };
		358198021DBF45DE00A83A17 /* CoreVideo.framework in Frameworks */ = {isa = PBXBuildFile; fileRef = 358198011DBF45DE00A83A17 /* CoreVideo.framework */; };
		358198041DBF45E800A83A17 /* QuartzCore.framework in Frameworks */ = {isa = PBXBuildFile; fileRef = 358198031DBF45E800A83A17 /* QuartzCore.framework */; };
		358198071DBF62AA00A83A17 /* TableViewController.m in Sources */ = {isa = PBXBuildFile; fileRef = 358198061DBF62AA00A83A17 /* TableViewController.m */; };
/* End PBXBuildFile section */

/* Begin PBXFileReference section */
		358197E01DBF44D100A83A17 /* GPUImage.app */ = {isa = PBXFileReference; explicitFileType = wrapper.application; includeInIndex = 0; path = GPUImage.app; sourceTree = BUILT_PRODUCTS_DIR; };
		358197E41DBF44D100A83A17 /* main.m */ = {isa = PBXFileReference; lastKnownFileType = sourcecode.c.objc; path = main.m; sourceTree = "<group>"; };
		358197E61DBF44D100A83A17 /* AppDelegate.h */ = {isa = PBXFileReference; lastKnownFileType = sourcecode.c.h; path = AppDelegate.h; sourceTree = "<group>"; };
		358197E71DBF44D100A83A17 /* AppDelegate.m */ = {isa = PBXFileReference; lastKnownFileType = sourcecode.c.objc; path = AppDelegate.m; sourceTree = "<group>"; };
		358197E91DBF44D100A83A17 /* ViewController.h */ = {isa = PBXFileReference; lastKnownFileType = sourcecode.c.h; path = ViewController.h; sourceTree = "<group>"; };
		358197EA1DBF44D100A83A17 /* ViewController.m */ = {isa = PBXFileReference; lastKnownFileType = sourcecode.c.objc; path = ViewController.m; sourceTree = "<group>"; };
		358197ED1DBF44D100A83A17 /* Base */ = {isa = PBXFileReference; lastKnownFileType = file.storyboard; name = Base; path = Base.lproj/Main.storyboard; sourceTree = "<group>"; };
		358197EF1DBF44D100A83A17 /* Assets.xcassets */ = {isa = PBXFileReference; lastKnownFileType = folder.assetcatalog; path = Assets.xcassets; sourceTree = "<group>"; };
		358197F21DBF44D100A83A17 /* Base */ = {isa = PBXFileReference; lastKnownFileType = file.storyboard; name = Base; path = Base.lproj/LaunchScreen.storyboard; sourceTree = "<group>"; };
		358197F41DBF44D100A83A17 /* Info.plist */ = {isa = PBXFileReference; lastKnownFileType = text.plist.xml; path = Info.plist; sourceTree = "<group>"; };
		358197FB1DBF45BC00A83A17 /* AVFoundation.framework */ = {isa = PBXFileReference; lastKnownFileType = wrapper.framework; name = AVFoundation.framework; path = System/Library/Frameworks/AVFoundation.framework; sourceTree = SDKROOT; };
		358197FD1DBF45C700A83A17 /* CoreMedia.framework */ = {isa = PBXFileReference; lastKnownFileType = wrapper.framework; name = CoreMedia.framework; path = System/Library/Frameworks/CoreMedia.framework; sourceTree = SDKROOT; };
		358197FF1DBF45D100A83A17 /* OpenGLES.framework */ = {isa = PBXFileReference; lastKnownFileType = wrapper.framework; name = OpenGLES.framework; path = System/Library/Frameworks/OpenGLES.framework; sourceTree = SDKROOT; };
		358198011DBF45DE00A83A17 /* CoreVideo.framework */ = {isa = PBXFileReference; lastKnownFileType = wrapper.framework; name = CoreVideo.framework; path = System/Library/Frameworks/CoreVideo.framework; sourceTree = SDKROOT; };
		358198031DBF45E800A83A17 /* QuartzCore.framework */ = {isa = PBXFileReference; lastKnownFileType = wrapper.framework; name = QuartzCore.framework; path = System/Library/Frameworks/QuartzCore.framework; sourceTree = SDKROOT; };
		358198051DBF62AA00A83A17 /* TableViewController.h */ = {isa = PBXFileReference; fileEncoding = 4; lastKnownFileType = sourcecode.c.h; path = TableViewController.h; sourceTree = "<group>"; };
		358198061DBF62AA00A83A17 /* TableViewController.m */ = {isa = PBXFileReference; fileEncoding = 4; lastKnownFileType = sourcecode.c.objc; path = TableViewController.m; sourceTree = "<group>"; };
		4636A5ED81A37877969E10D0 /* libPods-GPUImage.a */ = {isa = PBXFileReference; explicitFileType = archive.ar; includeInIndex = 0; path = "libPods-GPUImage.a"; sourceTree = BUILT_PRODUCTS_DIR; };
		8DD54C786CAC4D5BBDA22333 /* Pods-GPUImage.debug.xcconfig */ = {isa = PBXFileReference; includeInIndex = 1; lastKnownFileType = text.xcconfig; name = "Pods-GPUImage.debug.xcconfig"; path = "Pods/Target Support Files/Pods-GPUImage/Pods-GPUImage.debug.xcconfig"; sourceTree = "<group>"; };
		DAB7151A731DF7EE283E0679 /* Pods-GPUImage.release.xcconfig */ = {isa = PBXFileReference; includeInIndex = 1; lastKnownFileType = text.xcconfig; name = "Pods-GPUImage.release.xcconfig"; path = "Pods/Target Support Files/Pods-GPUImage/Pods-GPUImage.release.xcconfig"; sourceTree = "<group>"; };
/* End PBXFileReference section */

/* Begin PBXFrameworksBuildPhase section */
		358197DD1DBF44D100A83A17 /* Frameworks */ = {
			isa = PBXFrameworksBuildPhase;
			buildActionMask = 2147483647;
			files = (
				358198041DBF45E800A83A17 /* QuartzCore.framework in Frameworks */,
				358198021DBF45DE00A83A17 /* CoreVideo.framework in Frameworks */,
				358198001DBF45D100A83A17 /* OpenGLES.framework in Frameworks */,
				358197FE1DBF45C700A83A17 /* CoreMedia.framework in Frameworks */,
				358197FC1DBF45BC00A83A17 /* AVFoundation.framework in Frameworks */,
				308E9BD054B1A12A0A6638E7 /* libPods-GPUImage.a in Frameworks */,
			);
			runOnlyForDeploymentPostprocessing = 0;
		};
/* End PBXFrameworksBuildPhase section */

/* Begin PBXGroup section */
		358197D71DBF44D100A83A17 = {
			isa = PBXGroup;
			children = (
				358197E21DBF44D100A83A17 /* GPUImage */,
				358197E11DBF44D100A83A17 /* Products */,
				358197FA1DBF45BC00A83A17 /* Frameworks */,
				E50FCB04015279732DF29DD7 /* Pods */,
			);
			sourceTree = "<group>";
		};
		358197E11DBF44D100A83A17 /* Products */ = {
			isa = PBXGroup;
			children = (
				358197E01DBF44D100A83A17 /* GPUImage.app */,
			);
			name = Products;
			sourceTree = "<group>";
		};
		358197E21DBF44D100A83A17 /* GPUImage */ = {
			isa = PBXGroup;
			children = (
				358197E61DBF44D100A83A17 /* AppDelegate.h */,
				358197E71DBF44D100A83A17 /* AppDelegate.m */,
				358197E91DBF44D100A83A17 /* ViewController.h */,
				358197EA1DBF44D100A83A17 /* ViewController.m */,
				358197EC1DBF44D100A83A17 /* Main.storyboard */,
				358197EF1DBF44D100A83A17 /* Assets.xcassets */,
				358197F11DBF44D100A83A17 /* LaunchScreen.storyboard */,
				358197F41DBF44D100A83A17 /* Info.plist */,
				358197E31DBF44D100A83A17 /* Supporting Files */,
				358198051DBF62AA00A83A17 /* TableViewController.h */,
				358198061DBF62AA00A83A17 /* TableViewController.m */,
			);
			path = GPUImage;
			sourceTree = "<group>";
		};
		358197E31DBF44D100A83A17 /* Supporting Files */ = {
			isa = PBXGroup;
			children = (
				358197E41DBF44D100A83A17 /* main.m */,
			);
			name = "Supporting Files";
			sourceTree = "<group>";
		};
		358197FA1DBF45BC00A83A17 /* Frameworks */ = {
			isa = PBXGroup;
			children = (
				358198031DBF45E800A83A17 /* QuartzCore.framework */,
				358198011DBF45DE00A83A17 /* CoreVideo.framework */,
				358197FF1DBF45D100A83A17 /* OpenGLES.framework */,
				358197FD1DBF45C700A83A17 /* CoreMedia.framework */,
				358197FB1DBF45BC00A83A17 /* AVFoundation.framework */,
				4636A5ED81A37877969E10D0 /* libPods-GPUImage.a */,
			);
			name = Frameworks;
			sourceTree = "<group>";
		};
		E50FCB04015279732DF29DD7 /* Pods */ = {
			isa = PBXGroup;
			children = (
				8DD54C786CAC4D5BBDA22333 /* Pods-GPUImage.debug.xcconfig */,
				DAB7151A731DF7EE283E0679 /* Pods-GPUImage.release.xcconfig */,
			);
			name = Pods;
			sourceTree = "<group>";
		};
/* End PBXGroup section */

/* Begin PBXNativeTarget section */
		358197DF1DBF44D100A83A17 /* GPUImage */ = {
			isa = PBXNativeTarget;
			buildConfigurationList = 358197F71DBF44D100A83A17 /* Build configuration list for PBXNativeTarget "GPUImage" */;
			buildPhases = (
				E1E44940BA8541CD454EFE2D /* [CP] Check Pods Manifest.lock */,
				358197DC1DBF44D100A83A17 /* Sources */,
				358197DD1DBF44D100A83A17 /* Frameworks */,
				358197DE1DBF44D100A83A17 /* Resources */,
				9BF5BE246DFBE3E1CDC2AE26 /* [CP] Embed Pods Frameworks */,
				7D6EF5D013EE27710504C46F /* [CP] Copy Pods Resources */,
			);
			buildRules = (
			);
			dependencies = (
			);
			name = GPUImage;
			productName = GPUImage;
			productReference = 358197E01DBF44D100A83A17 /* GPUImage.app */;
			productType = "com.apple.product-type.application";
		};
/* End PBXNativeTarget section */

/* Begin PBXProject section */
		358197D81DBF44D100A83A17 /* Project object */ = {
			isa = PBXProject;
			attributes = {
				LastUpgradeCheck = 0800;
				ORGANIZATIONNAME = bt;
				TargetAttributes = {
					358197DF1DBF44D100A83A17 = {
						CreatedOnToolsVersion = 8.0;
						DevelopmentTeam = K786QX52SJ;
						ProvisioningStyle = Automatic;
					};
				};
			};
			buildConfigurationList = 358197DB1DBF44D100A83A17 /* Build configuration list for PBXProject "GPUImage" */;
			compatibilityVersion = "Xcode 3.2";
			developmentRegion = English;
			hasScannedForEncodings = 0;
			knownRegions = (
				en,
				Base,
			);
			mainGroup = 358197D71DBF44D100A83A17;
			productRefGroup = 358197E11DBF44D100A83A17 /* Products */;
			projectDirPath = "";
			projectRoot = "";
			targets = (
				358197DF1DBF44D100A83A17 /* GPUImage */,
			);
		};
/* End PBXProject section */

/* Begin PBXResourcesBuildPhase section */
		358197DE1DBF44D100A83A17 /* Resources */ = {
			isa = PBXResourcesBuildPhase;
			buildActionMask = 2147483647;
			files = (
				358197F31DBF44D100A83A17 /* LaunchScreen.storyboard in Resources */,
				358197F01DBF44D100A83A17 /* Assets.xcassets in Resources */,
				358197EE1DBF44D100A83A17 /* Main.storyboard in Resources */,
			);
			runOnlyForDeploymentPostprocessing = 0;
		};
/* End PBXResourcesBuildPhase section */

/* Begin PBXShellScriptBuildPhase section */
		7D6EF5D013EE27710504C46F /* [CP] Copy Pods Resources */ = {
			isa = PBXShellScriptBuildPhase;
			buildActionMask = 2147483647;
			files = (
			);
			inputPaths = (
			);
			name = "[CP] Copy Pods Resources";
			outputPaths = (
			);
			runOnlyForDeploymentPostprocessing = 0;
			shellPath = /bin/sh;
			shellScript = "\"${SRCROOT}/Pods/Target Support Files/Pods-GPUImage/Pods-GPUImage-resources.sh\"\n";
			showEnvVarsInLog = 0;
		};
		9BF5BE246DFBE3E1CDC2AE26 /* [CP] Embed Pods Frameworks */ = {
			isa = PBXShellScriptBuildPhase;
			buildActionMask = 2147483647;
			files = (
			);
			inputPaths = (
			);
			name = "[CP] Embed Pods Frameworks";
			outputPaths = (
			);
			runOnlyForDeploymentPostprocessing = 0;
			shellPath = /bin/sh;
			shellScript = "\"${SRCROOT}/Pods/Target Support Files/Pods-GPUImage/Pods-GPUImage-frameworks.sh\"\n";
			showEnvVarsInLog = 0;
		};
		E1E44940BA8541CD454EFE2D /* [CP] Check Pods Manifest.lock */ = {
			isa = PBXShellScriptBuildPhase;
			buildActionMask = 2147483647;
			files = (
			);
			inputPaths = (
			);
			name = "[CP] Check Pods Manifest.lock";
			outputPaths = (
			);
			runOnlyForDeploymentPostprocessing = 0;
			shellPath = /bin/sh;
			shellScript = "diff \"${PODS_ROOT}/../Podfile.lock\" \"${PODS_ROOT}/Manifest.lock\" > /dev/null\nif [[ $? != 0 ]] ; then\n    cat << EOM\nerror: The sandbox is not in sync with the Podfile.lock. Run 'pod install' or update your CocoaPods installation.\nEOM\n    exit 1\nfi\n";
			showEnvVarsInLog = 0;
		};
/* End PBXShellScriptBuildPhase section */

/* Begin PBXSourcesBuildPhase section */
		358197DC1DBF44D100A83A17 /* Sources */ = {
			isa = PBXSourcesBuildPhase;
			buildActionMask = 2147483647;
			files = (
				358197EB1DBF44D100A83A17 /* ViewController.m in Sources */,
				358197E81DBF44D100A83A17 /* AppDelegate.m in Sources */,
				358197E51DBF44D100A83A17 /* main.m in Sources */,
				358198071DBF62AA00A83A17 /* TableViewController.m in Sources */,
			);
			runOnlyForDeploymentPostprocessing = 0;
		};
/* End PBXSourcesBuildPhase section */

/* Begin PBXVariantGroup section */
		358197EC1DBF44D100A83A17 /* Main.storyboard */ = {
			isa = PBXVariantGroup;
			children = (
				358197ED1DBF44D100A83A17 /* Base */,
			);
			name = Main.storyboard;
			sourceTree = "<group>";
		};
		358197F11DBF44D100A83A17 /* LaunchScreen.storyboard */ = {
			isa = PBXVariantGroup;
			children = (
				358197F21DBF44D100A83A17 /* Base */,
			);
			name = LaunchScreen.storyboard;
			sourceTree = "<group>";
		};
/* End PBXVariantGroup section */

/* Begin XCBuildConfiguration section */
		358197F51DBF44D100A83A17 /* Debug */ = {
			isa = XCBuildConfiguration;
			buildSettings = {
				ALWAYS_SEARCH_USER_PATHS = NO;
				CLANG_ANALYZER_NONNULL = YES;
				CLANG_CXX_LANGUAGE_STANDARD = "gnu++0x";
				CLANG_CXX_LIBRARY = "libc++";
				CLANG_ENABLE_MODULES = YES;
				CLANG_ENABLE_OBJC_ARC = YES;
				CLANG_WARN_BOOL_CONVERSION = YES;
				CLANG_WARN_CONSTANT_CONVERSION = YES;
				CLANG_WARN_DIRECT_OBJC_ISA_USAGE = YES_ERROR;
				CLANG_WARN_DOCUMENTATION_COMMENTS = YES;
				CLANG_WARN_EMPTY_BODY = YES;
				CLANG_WARN_ENUM_CONVERSION = YES;
				CLANG_WARN_INFINITE_RECURSION = YES;
				CLANG_WARN_INT_CONVERSION = YES;
				CLANG_WARN_OBJC_ROOT_CLASS = YES_ERROR;
				CLANG_WARN_SUSPICIOUS_MOVES = YES;
				CLANG_WARN_UNREACHABLE_CODE = YES;
				CLANG_WARN__DUPLICATE_METHOD_MATCH = YES;
				"CODE_SIGN_IDENTITY[sdk=iphoneos*]" = "iPhone Developer";
				COPY_PHASE_STRIP = NO;
				DEBUG_INFORMATION_FORMAT = dwarf;
				ENABLE_STRICT_OBJC_MSGSEND = YES;
				ENABLE_TESTABILITY = YES;
				GCC_C_LANGUAGE_STANDARD = gnu99;
				GCC_DYNAMIC_NO_PIC = NO;
				GCC_NO_COMMON_BLOCKS = YES;
				GCC_OPTIMIZATION_LEVEL = 0;
				GCC_PREPROCESSOR_DEFINITIONS = (
					"DEBUG=1",
					"$(inherited)",
				);
				GCC_WARN_64_TO_32_BIT_CONVERSION = YES;
				GCC_WARN_ABOUT_RETURN_TYPE = YES_ERROR;
				GCC_WARN_UNDECLARED_SELECTOR = YES;
				GCC_WARN_UNINITIALIZED_AUTOS = YES_AGGRESSIVE;
				GCC_WARN_UNUSED_FUNCTION = YES;
				GCC_WARN_UNUSED_VARIABLE = YES;
				IPHONEOS_DEPLOYMENT_TARGET = 10.0;
				MTL_ENABLE_DEBUG_INFO = YES;
				ONLY_ACTIVE_ARCH = YES;
				SDKROOT = iphoneos;
			};
			name = Debug;
		};
		358197F61DBF44D100A83A17 /* Release */ = {
			isa = XCBuildConfiguration;
			buildSettings = {
				ALWAYS_SEARCH_USER_PATHS = NO;
				CLANG_ANALYZER_NONNULL = YES;
				CLANG_CXX_LANGUAGE_STANDARD = "gnu++0x";
				CLANG_CXX_LIBRARY = "libc++";
				CLANG_ENABLE_MODULES = YES;
				CLANG_ENABLE_OBJC_ARC = YES;
				CLANG_WARN_BOOL_CONVERSION = YES;
				CLANG_WARN_CONSTANT_CONVERSION = YES;
				CLANG_WARN_DIRECT_OBJC_ISA_USAGE = YES_ERROR;
				CLANG_WARN_DOCUMENTATION_COMMENTS = YES;
				CLANG_WARN_EMPTY_BODY = YES;
				CLANG_WARN_ENUM_CONVERSION = YES;
				CLANG_WARN_INFINITE_RECURSION = YES;
				CLANG_WARN_INT_CONVERSION = YES;
				CLANG_WARN_OBJC_ROOT_CLASS = YES_ERROR;
				CLANG_WARN_SUSPICIOUS_MOVES = YES;
				CLANG_WARN_UNREACHABLE_CODE = YES;
				CLANG_WARN__DUPLICATE_METHOD_MATCH = YES;
				"CODE_SIGN_IDENTITY[sdk=iphoneos*]" = "iPhone Developer";
				COPY_PHASE_STRIP = NO;
				DEBUG_INFORMATION_FORMAT = "dwarf-with-dsym";
				ENABLE_NS_ASSERTIONS = NO;
				ENABLE_STRICT_OBJC_MSGSEND = YES;
				GCC_C_LANGUAGE_STANDARD = gnu99;
				GCC_NO_COMMON_BLOCKS = YES;
				GCC_WARN_64_TO_32_BIT_CONVERSION = YES;
				GCC_WARN_ABOUT_RETURN_TYPE = YES_ERROR;
				GCC_WARN_UNDECLARED_SELECTOR = YES;
				GCC_WARN_UNINITIALIZED_AUTOS = YES_AGGRESSIVE;
				GCC_WARN_UNUSED_FUNCTION = YES;
				GCC_WARN_UNUSED_VARIABLE = YES;
				IPHONEOS_DEPLOYMENT_TARGET = 10.0;
				MTL_ENABLE_DEBUG_INFO = NO;
				SDKROOT = iphoneos;
				VALIDATE_PRODUCT = YES;
			};
			name = Release;
		};
		358197F81DBF44D100A83A17 /* Debug */ = {
			isa = XCBuildConfiguration;
			baseConfigurationReference = 8DD54C786CAC4D5BBDA22333 /* Pods-GPUImage.debug.xcconfig */;
			buildSettings = {
				ASSETCATALOG_COMPILER_APPICON_NAME = AppIcon;
				DEVELOPMENT_TEAM = K786QX52SJ;
				INFOPLIST_FILE = GPUImage/Info.plist;
				LD_RUNPATH_SEARCH_PATHS = "$(inherited) @executable_path/Frameworks";
				PRODUCT_BUNDLE_IDENTIFIER = com.tianlan.GPUImage;
				PRODUCT_NAME = "$(TARGET_NAME)";
			};
			name = Debug;
		};
		358197F91DBF44D100A83A17 /* Release */ = {
			isa = XCBuildConfiguration;
			baseConfigurationReference = DAB7151A731DF7EE283E0679 /* Pods-GPUImage.release.xcconfig */;
			buildSettings = {
				ASSETCATALOG_COMPILER_APPICON_NAME = AppIcon;
				DEVELOPMENT_TEAM = K786QX52SJ;
				INFOPLIST_FILE = GPUImage/Info.plist;
				LD_RUNPATH_SEARCH_PATHS = "$(inherited) @executable_path/Frameworks";
				PRODUCT_BUNDLE_IDENTIFIER = com.tianlan.GPUImage;
				PRODUCT_NAME = "$(TARGET_NAME)";
			};
			name = Release;
		};
/* End XCBuildConfiguration section */

/* Begin XCConfigurationList section */
		358197DB1DBF44D100A83A17 /* Build configuration list for PBXProject "GPUImage" */ = {
			isa = XCConfigurationList;
			buildConfigurations = (
				358197F51DBF44D100A83A17 /* Debug */,
				358197F61DBF44D100A83A17 /* Release */,
			);
			defaultConfigurationIsVisible = 0;
			defaultConfigurationName = Release;
		};
		358197F71DBF44D100A83A17 /* Build configuration list for PBXNativeTarget "GPUImage" */ = {
			isa = XCConfigurationList;
			buildConfigurations = (
				358197F81DBF44D100A83A17 /* Debug */,
				358197F91DBF44D100A83A17 /* Release */,
			);
			defaultConfigurationIsVisible = 0;
			defaultConfigurationName = Release;
		};
/* End XCConfigurationList section */
	};
	rootObject = 358197D81DBF44D100A83A17 /* Project object */;
}
