// !$*UTF8*$!
{
	archiveVersion = 1;
	classes = {
	};
	objectVersion = 46;
	objects = {

/* Begin PBXBuildFile section */
		352D17DD1DBDED960044E6AC /* main.m in Sources */ = {isa = PBXBuildFile; fileRef = 352D17DC1DBDED960044E6AC /* main.m */; };
		352D17E01DBDED960044E6AC /* AppDelegate.m in Sources */ = {isa = PBXBuildFile; fileRef = 352D17DF1DBDED960044E6AC /* AppDelegate.m */; };
		352D17E31DBDED960044E6AC /* ViewController.m in Sources */ = {isa = PBXBuildFile; fileRef = 352D17E21DBDED960044E6AC /* ViewController.m */; };
		352D17E61DBDED960044E6AC /* Main.storyboard in Resources */ = {isa = PBXBuildFile; fileRef = 352D17E41DBDED960044E6AC /* Main.storyboard */; };
		352D17E81DBDED960044E6AC /* Assets.xcassets in Resources */ = {isa = PBXBuildFile; fileRef = 352D17E71DBDED960044E6AC /* Assets.xcassets */; };
		352D17EB1DBDED960044E6AC /* LaunchScreen.storyboard in Resources */ = {isa = PBXBuildFile; fileRef = 352D17E91DBDED960044E6AC /* LaunchScreen.storyboard */; };
		352D17F41DBDEDBA0044E6AC /* AVFoundation.framework in Frameworks */ = {isa = PBXBuildFile; fileRef = 352D17F31DBDEDBA0044E6AC /* AVFoundation.framework */; };
		358197AA1DBEF1B000A83A17 /* TableViewController.m in Sources */ = {isa = PBXBuildFile; fileRef = 358197A91DBEF1B000A83A17 /* TableViewController.m */; };
		358197AD1DBEF2BD00A83A17 /* ImageViewController.m in Sources */ = {isa = PBXBuildFile; fileRef = 358197AC1DBEF2BD00A83A17 /* ImageViewController.m */; };
/* End PBXBuildFile section */

/* Begin PBXFileReference section */
		352D17D81DBDED960044E6AC /* 捕获音视屏.app */ = {isa = PBXFileReference; explicitFileType = wrapper.application; includeInIndex = 0; path = "捕获音视屏.app"; sourceTree = BUILT_PRODUCTS_DIR; };
		352D17DC1DBDED960044E6AC /* main.m */ = {isa = PBXFileReference; lastKnownFileType = sourcecode.c.objc; path = main.m; sourceTree = "<group>"; };
		352D17DE1DBDED960044E6AC /* AppDelegate.h */ = {isa = PBXFileReference; lastKnownFileType = sourcecode.c.h; path = AppDelegate.h; sourceTree = "<group>"; };
		352D17DF1DBDED960044E6AC /* AppDelegate.m */ = {isa = PBXFileReference; lastKnownFileType = sourcecode.c.objc; path = AppDelegate.m; sourceTree = "<group>"; };
		352D17E11DBDED960044E6AC /* ViewController.h */ = {isa = PBXFileReference; lastKnownFileType = sourcecode.c.h; path = ViewController.h; sourceTree = "<group>"; };
		352D17E21DBDED960044E6AC /* ViewController.m */ = {isa = PBXFileReference; lastKnownFileType = sourcecode.c.objc; path = ViewController.m; sourceTree = "<group>"; };
		352D17E51DBDED960044E6AC /* Base */ = {isa = PBXFileReference; lastKnownFileType = file.storyboard; name = Base; path = Base.lproj/Main.storyboard; sourceTree = "<group>"; };
		352D17E71DBDED960044E6AC /* Assets.xcassets */ = {isa = PBXFileReference; lastKnownFileType = folder.assetcatalog; path = Assets.xcassets; sourceTree = "<group>"; };
		352D17EA1DBDED960044E6AC /* Base */ = {isa = PBXFileReference; lastKnownFileType = file.storyboard; name = Base; path = Base.lproj/LaunchScreen.storyboard; sourceTree = "<group>"; };
		352D17EC1DBDED960044E6AC /* Info.plist */ = {isa = PBXFileReference; lastKnownFileType = text.plist.xml; path = Info.plist; sourceTree = "<group>"; };
		352D17F31DBDEDBA0044E6AC /* AVFoundation.framework */ = {isa = PBXFileReference; lastKnownFileType = wrapper.framework; name = AVFoundation.framework; path = System/Library/Frameworks/AVFoundation.framework; sourceTree = SDKROOT; };
		358197A81DBEF1B000A83A17 /* TableViewController.h */ = {isa = PBXFileReference; fileEncoding = 4; lastKnownFileType = sourcecode.c.h; path = TableViewController.h; sourceTree = "<group>"; };
		358197A91DBEF1B000A83A17 /* TableViewController.m */ = {isa = PBXFileReference; fileEncoding = 4; lastKnownFileType = sourcecode.c.objc; path = TableViewController.m; sourceTree = "<group>"; };
		358197AB1DBEF2BD00A83A17 /* ImageViewController.h */ = {isa = PBXFileReference; fileEncoding = 4; lastKnownFileType = sourcecode.c.h; path = ImageViewController.h; sourceTree = "<group>"; };
		358197AC1DBEF2BD00A83A17 /* ImageViewController.m */ = {isa = PBXFileReference; fileEncoding = 4; lastKnownFileType = sourcecode.c.objc; path = ImageViewController.m; sourceTree = "<group>"; };
/* End PBXFileReference section */

/* Begin PBXFrameworksBuildPhase section */
		352D17D51DBDED960044E6AC /* Frameworks */ = {
			isa = PBXFrameworksBuildPhase;
			buildActionMask = 2147483647;
			files = (
				352D17F41DBDEDBA0044E6AC /* AVFoundation.framework in Frameworks */,
			);
			runOnlyForDeploymentPostprocessing = 0;
		};
/* End PBXFrameworksBuildPhase section */

/* Begin PBXGroup section */
		352D17CF1DBDED960044E6AC = {
			isa = PBXGroup;
			children = (
				352D17DA1DBDED960044E6AC /* 捕获音视屏 */,
				352D17D91DBDED960044E6AC /* Products */,
				352D17F21DBDEDBA0044E6AC /* Frameworks */,
			);
			sourceTree = "<group>";
		};
		352D17D91DBDED960044E6AC /* Products */ = {
			isa = PBXGroup;
			children = (
				352D17D81DBDED960044E6AC /* 捕获音视屏.app */,
			);
			name = Products;
			sourceTree = "<group>";
		};
		352D17DA1DBDED960044E6AC /* 捕获音视屏 */ = {
			isa = PBXGroup;
			children = (
				352D17DE1DBDED960044E6AC /* AppDelegate.h */,
				352D17DF1DBDED960044E6AC /* AppDelegate.m */,
				352D17E11DBDED960044E6AC /* ViewController.h */,
				352D17E21DBDED960044E6AC /* ViewController.m */,
				352D17E41DBDED960044E6AC /* Main.storyboard */,
				352D17E71DBDED960044E6AC /* Assets.xcassets */,
				352D17E91DBDED960044E6AC /* LaunchScreen.storyboard */,
				352D17EC1DBDED960044E6AC /* Info.plist */,
				352D17DB1DBDED960044E6AC /* Supporting Files */,
				358197A81DBEF1B000A83A17 /* TableViewController.h */,
				358197A91DBEF1B000A83A17 /* TableViewController.m */,
				358197AB1DBEF2BD00A83A17 /* ImageViewController.h */,
				358197AC1DBEF2BD00A83A17 /* ImageViewController.m */,
			);
			path = "捕获音视屏";
			sourceTree = "<group>";
		};
		352D17DB1DBDED960044E6AC /* Supporting Files */ = {
			isa = PBXGroup;
			children = (
				352D17DC1DBDED960044E6AC /* main.m */,
			);
			name = "Supporting Files";
			sourceTree = "<group>";
		};
		352D17F21DBDEDBA0044E6AC /* Frameworks */ = {
			isa = PBXGroup;
			children = (
				352D17F31DBDEDBA0044E6AC /* AVFoundation.framework */,
			);
			name = Frameworks;
			sourceTree = "<group>";
		};
/* End PBXGroup section */

/* Begin PBXNativeTarget section */
		352D17D71DBDED960044E6AC /* 捕获音视屏 */ = {
			isa = PBXNativeTarget;
			buildConfigurationList = 352D17EF1DBDED960044E6AC /* Build configuration list for PBXNativeTarget "捕获音视屏" */;
			buildPhases = (
				352D17D41DBDED960044E6AC /* Sources */,
				352D17D51DBDED960044E6AC /* Frameworks */,
				352D17D61DBDED960044E6AC /* Resources */,
			);
			buildRules = (
			);
			dependencies = (
			);
			name = "捕获音视屏";
			productName = "捕获音视屏";
			productReference = 352D17D81DBDED960044E6AC /* 捕获音视屏.app */;
			productType = "com.apple.product-type.application";
		};
/* End PBXNativeTarget section */

/* Begin PBXProject section */
		352D17D01DBDED960044E6AC /* Project object */ = {
			isa = PBXProject;
			attributes = {
				LastUpgradeCheck = 0800;
				ORGANIZATIONNAME = bt;
				TargetAttributes = {
					352D17D71DBDED960044E6AC = {
						CreatedOnToolsVersion = 8.0;
						DevelopmentTeam = K786QX52SJ;
						ProvisioningStyle = Automatic;
					};
				};
			};
			buildConfigurationList = 352D17D31DBDED960044E6AC /* Build configuration list for PBXProject "捕获音视屏" */;
			compatibilityVersion = "Xcode 3.2";
			developmentRegion = English;
			hasScannedForEncodings = 0;
			knownRegions = (
				en,
				Base,
			);
			mainGroup = 352D17CF1DBDED960044E6AC;
			productRefGroup = 352D17D91DBDED960044E6AC /* Products */;
			projectDirPath = "";
			projectRoot = "";
			targets = (
				352D17D71DBDED960044E6AC /* 捕获音视屏 */,
			);
		};
/* End PBXProject section */

/* Begin PBXResourcesBuildPhase section */
		352D17D61DBDED960044E6AC /* Resources */ = {
			isa = PBXResourcesBuildPhase;
			buildActionMask = 2147483647;
			files = (
				352D17EB1DBDED960044E6AC /* LaunchScreen.storyboard in Resources */,
				352D17E81DBDED960044E6AC /* Assets.xcassets in Resources */,
				352D17E61DBDED960044E6AC /* Main.storyboard in Resources */,
			);
			runOnlyForDeploymentPostprocessing = 0;
		};
/* End PBXResourcesBuildPhase section */

/* Begin PBXSourcesBuildPhase section */
		352D17D41DBDED960044E6AC /* Sources */ = {
			isa = PBXSourcesBuildPhase;
			buildActionMask = 2147483647;
			files = (
				358197AD1DBEF2BD00A83A17 /* ImageViewController.m in Sources */,
				352D17E31DBDED960044E6AC /* ViewController.m in Sources */,
				352D17E01DBDED960044E6AC /* AppDelegate.m in Sources */,
				352D17DD1DBDED960044E6AC /* main.m in Sources */,
				358197AA1DBEF1B000A83A17 /* TableViewController.m in Sources */,
			);
			runOnlyForDeploymentPostprocessing = 0;
		};
/* End PBXSourcesBuildPhase section */

/* Begin PBXVariantGroup section */
		352D17E41DBDED960044E6AC /* Main.storyboard */ = {
			isa = PBXVariantGroup;
			children = (
				352D17E51DBDED960044E6AC /* Base */,
			);
			name = Main.storyboard;
			sourceTree = "<group>";
		};
		352D17E91DBDED960044E6AC /* LaunchScreen.storyboard */ = {
			isa = PBXVariantGroup;
			children = (
				352D17EA1DBDED960044E6AC /* Base */,
			);
			name = LaunchScreen.storyboard;
			sourceTree = "<group>";
		};
/* End PBXVariantGroup section */

/* Begin XCBuildConfiguration section */
		352D17ED1DBDED960044E6AC /* Debug */ = {
			isa = XCBuildConfiguration;
			buildSettings = {
				ALWAYS_SEARCH_USER_PATHS = NO;
				CLANG_ANALYZER_NONNULL = YES;
				CLANG_CXX_LANGUAGE_STANDARD = "gnu++0x";
				CLANG_CXX_LIBRARY = "libc++";
				CLANG_ENABLE_MODULES = YES;
				CLANG_ENABLE_OBJC_ARC = YES;
				CLANG_WARN_BOOL_CONVERSION = YES;
				CLANG_WARN_CONSTANT_CONVERSION = YES;
				CLANG_WARN_DIRECT_OBJC_ISA_USAGE = YES_ERROR;
				CLANG_WARN_DOCUMENTATION_COMMENTS = YES;
				CLANG_WARN_EMPTY_BODY = YES;
				CLANG_WARN_ENUM_CONVERSION = YES;
				CLANG_WARN_INFINITE_RECURSION = YES;
				CLANG_WARN_INT_CONVERSION = YES;
				CLANG_WARN_OBJC_ROOT_CLASS = YES_ERROR;
				CLANG_WARN_SUSPICIOUS_MOVES = YES;
				CLANG_WARN_UNREACHABLE_CODE = YES;
				CLANG_WARN__DUPLICATE_METHOD_MATCH = YES;
				"CODE_SIGN_IDENTITY[sdk=iphoneos*]" = "iPhone Developer";
				COPY_PHASE_STRIP = NO;
				DEBUG_INFORMATION_FORMAT = dwarf;
				ENABLE_STRICT_OBJC_MSGSEND = YES;
				ENABLE_TESTABILITY = YES;
				GCC_C_LANGUAGE_STANDARD = gnu99;
				GCC_DYNAMIC_NO_PIC = NO;
				GCC_NO_COMMON_BLOCKS = YES;
				GCC_OPTIMIZATION_LEVEL = 0;
				GCC_PREPROCESSOR_DEFINITIONS = (
					"DEBUG=1",
					"$(inherited)",
				);
				GCC_WARN_64_TO_32_BIT_CONVERSION = YES;
				GCC_WARN_ABOUT_RETURN_TYPE = YES_ERROR;
				GCC_WARN_UNDECLARED_SELECTOR = YES;
				GCC_WARN_UNINITIALIZED_AUTOS = YES_AGGRESSIVE;
				GCC_WARN_UNUSED_FUNCTION = YES;
				GCC_WARN_UNUSED_VARIABLE = YES;
				IPHONEOS_DEPLOYMENT_TARGET = 10.0;
				MTL_ENABLE_DEBUG_INFO = YES;
				ONLY_ACTIVE_ARCH = YES;
				SDKROOT = iphoneos;
			};
			name = Debug;
		};
		352D17EE1DBDED960044E6AC /* Release */ = {
			isa = XCBuildConfiguration;
			buildSettings = {
				ALWAYS_SEARCH_USER_PATHS = NO;
				CLANG_ANALYZER_NONNULL = YES;
				CLANG_CXX_LANGUAGE_STANDARD = "gnu++0x";
				CLANG_CXX_LIBRARY = "libc++";
				CLANG_ENABLE_MODULES = YES;
				CLANG_ENABLE_OBJC_ARC = YES;
				CLANG_WARN_BOOL_CONVERSION = YES;
				CLANG_WARN_CONSTANT_CONVERSION = YES;
				CLANG_WARN_DIRECT_OBJC_ISA_USAGE = YES_ERROR;
				CLANG_WARN_DOCUMENTATION_COMMENTS = YES;
				CLANG_WARN_EMPTY_BODY = YES;
				CLANG_WARN_ENUM_CONVERSION = YES;
				CLANG_WARN_INFINITE_RECURSION = YES;
				CLANG_WARN_INT_CONVERSION = YES;
				CLANG_WARN_OBJC_ROOT_CLASS = YES_ERROR;
				CLANG_WARN_SUSPICIOUS_MOVES = YES;
				CLANG_WARN_UNREACHABLE_CODE = YES;
				CLANG_WARN__DUPLICATE_METHOD_MATCH = YES;
				"CODE_SIGN_IDENTITY[sdk=iphoneos*]" = "iPhone Developer";
				COPY_PHASE_STRIP = NO;
				DEBUG_INFORMATION_FORMAT = "dwarf-with-dsym";
				ENABLE_NS_ASSERTIONS = NO;
				ENABLE_STRICT_OBJC_MSGSEND = YES;
				GCC_C_LANGUAGE_STANDARD = gnu99;
				GCC_NO_COMMON_BLOCKS = YES;
				GCC_WARN_64_TO_32_BIT_CONVERSION = YES;
				GCC_WARN_ABOUT_RETURN_TYPE = YES_ERROR;
				GCC_WARN_UNDECLARED_SELECTOR = YES;
				GCC_WARN_UNINITIALIZED_AUTOS = YES_AGGRESSIVE;
				GCC_WARN_UNUSED_FUNCTION = YES;
				GCC_WARN_UNUSED_VARIABLE = YES;
				IPHONEOS_DEPLOYMENT_TARGET = 10.0;
				MTL_ENABLE_DEBUG_INFO = NO;
				SDKROOT = iphoneos;
				VALIDATE_PRODUCT = YES;
			};
			name = Release;
		};
		352D17F01DBDED960044E6AC /* Debug */ = {
			isa = XCBuildConfiguration;
			buildSettings = {
				ASSETCATALOG_COMPILER_APPICON_NAME = AppIcon;
				DEVELOPMENT_TEAM = K786QX52SJ;
				INFOPLIST_FILE = "捕获音视屏/Info.plist";
				IPHONEOS_DEPLOYMENT_TARGET = 8.0;
				LD_RUNPATH_SEARCH_PATHS = "$(inherited) @executable_path/Frameworks";
				PRODUCT_BUNDLE_IDENTIFIER = "com.tianlan.-----";
				PRODUCT_NAME = "$(TARGET_NAME)";
			};
			name = Debug;
		};
		352D17F11DBDED960044E6AC /* Release */ = {
			isa = XCBuildConfiguration;
			buildSettings = {
				ASSETCATALOG_COMPILER_APPICON_NAME = AppIcon;
				DEVELOPMENT_TEAM = K786QX52SJ;
				INFOPLIST_FILE = "捕获音视屏/Info.plist";
				IPHONEOS_DEPLOYMENT_TARGET = 8.0;
				LD_RUNPATH_SEARCH_PATHS = "$(inherited) @executable_path/Frameworks";
				PRODUCT_BUNDLE_IDENTIFIER = "com.tianlan.-----";
				PRODUCT_NAME = "$(TARGET_NAME)";
			};
			name = Release;
		};
/* End XCBuildConfiguration section */

/* Begin XCConfigurationList section */
		352D17D31DBDED960044E6AC /* Build configuration list for PBXProject "捕获音视屏" */ = {
			isa = XCConfigurationList;
			buildConfigurations = (
				352D17ED1DBDED960044E6AC /* Debug */,
				352D17EE1DBDED960044E6AC /* Release */,
			);
			defaultConfigurationIsVisible = 0;
			defaultConfigurationName = Release;
		};
		352D17EF1DBDED960044E6AC /* Build configuration list for PBXNativeTarget "捕获音视屏" */ = {
			isa = XCConfigurationList;
			buildConfigurations = (
				352D17F01DBDED960044E6AC /* Debug */,
				352D17F11DBDED960044E6AC /* Release */,
			);
			defaultConfigurationIsVisible = 0;
			defaultConfigurationName = Release;
		};
/* End XCConfigurationList section */
	};
	rootObject = 352D17D01DBDED960044E6AC /* Project object */;
}
